<?xml version="1.0" encoding="utf-8"?>
<Project ToolsVersion="16.0" xmlns="http://schemas.microsoft.com/developer/msbuild/2003">
  <ItemGroup>
    <ClCompile Include="P:\repos\SoftwareRenderer\src\camera.cpp">
      <Filter>Source Files</Filter>
    </ClCompile>
    <ClCompile Include="P:\repos\SoftwareRenderer\src\displayManager.cpp">
      <Filter>Source Files</Filter>
    </ClCompile>
    <ClCompile Include="P:\repos\SoftwareRenderer\src\engine.cpp">
      <Filter>Source Files</Filter>
    </ClCompile>
    <ClCompile Include="P:\repos\SoftwareRenderer\src\geometry.cpp">
      <Filter>Source Files</Filter>
    </ClCompile>
    <ClCompile Include="P:\repos\SoftwareRenderer\src\inputManager.cpp">
      <Filter>Source Files</Filter>
    </ClCompile>
    <ClCompile Include="P:\repos\SoftwareRenderer\src\main.cpp">
      <Filter>Source Files</Filter>
    </ClCompile>
    <ClCompile Include="P:\repos\SoftwareRenderer\src\matrix.cpp">
      <Filter>Source Files</Filter>
    </ClCompile>
    <ClCompile Include="P:\repos\SoftwareRenderer\src\mesh.cpp">
      <Filter>Source Files</Filter>
    </ClCompile>
    <ClCompile Include="P:\repos\SoftwareRenderer\src\model.cpp">
      <Filter>Source Files</Filter>
    </ClCompile>
    <ClCompile Include="P:\repos\SoftwareRenderer\src\objParser.cpp">
      <Filter>Source Files</Filter>
    </ClCompile>
    <ClCompile Include="P:\repos\SoftwareRenderer\src\rasterizer.cpp">
      <Filter>Source Files</Filter>
    </ClCompile>
    <ClCompile Include="P:\repos\SoftwareRenderer\src\renderManager.cpp">
      <Filter>Source Files</Filter>
    </ClCompile>
    <ClCompile Include="P:\repos\SoftwareRenderer\src\scene.cpp">
      <Filter>Source Files</Filter>
    </ClCompile>
    <ClCompile Include="P:\repos\SoftwareRenderer\src\sceneManager.cpp">
      <Filter>Source Files</Filter>
    </ClCompile>
    <ClCompile Include="P:\repos\SoftwareRenderer\src\softwareRenderer.cpp">
      <Filter>Source Files</Filter>
    </ClCompile>
    <ClCompile Include="P:\repos\SoftwareRenderer\src\texture.cpp">
      <Filter>Source Files</Filter>
    </ClCompile>
  </ItemGroup>
  <ItemGroup>
    <ClInclude Include="P:\repos\SoftwareRenderer\include\buffer.h">
      <Filter>Header Files</Filter>
    </ClInclude>
    <ClInclude Include="P:\repos\SoftwareRenderer\include\camera.h">
      <Filter>Header Files</Filter>
    </ClInclude>
    <ClInclude Include="P:\repos\SoftwareRenderer\include\displayManager.h">
      <Filter>Header Files</Filter>
    </ClInclude>
    <ClInclude Include="P:\repos\SoftwareRenderer\include\engine.h">
      <Filter>Header Files</Filter>
    </ClInclude>
    <ClInclude Include="P:\repos\SoftwareRenderer\include\geometry.h">
      <Filter>Header Files</Filter>
    </ClInclude>
    <ClInclude Include="P:\repos\SoftwareRenderer\include\inputManager.h">
      <Filter>Header Files</Filter>
    </ClInclude>
    <ClInclude Include="P:\repos\SoftwareRenderer\include\light.h">
      <Filter>Header Files</Filter>
    </ClInclude>
    <ClInclude Include="P:\repos\SoftwareRenderer\include\matrix.h">
      <Filter>Header Files</Filter>
    </ClInclude>
    <ClInclude Include="P:\repos\SoftwareRenderer\include\mesh.h">
      <Filter>Header Files</Filter>
    </ClInclude>
    <ClInclude Include="P:\repos\SoftwareRenderer\include\model.h">
      <Filter>Header Files</Filter>
    </ClInclude>
    <ClInclude Include="P:\repos\SoftwareRenderer\include\objParser.h">
      <Filter>Header Files</Filter>
    </ClInclude>
    <ClInclude Include="P:\repos\SoftwareRenderer\include\rasterizer.h">
      <Filter>Header Files</Filter>
    </ClInclude>
    <ClInclude Include="P:\repos\SoftwareRenderer\include\renderManager.h">
      <Filter>Header Files</Filter>
    </ClInclude>
    <ClInclude Include="P:\repos\SoftwareRenderer\include\scene.h">
      <Filter>Header Files</Filter>
    </ClInclude>
    <ClInclude Include="P:\repos\SoftwareRenderer\include\sceneManager.h">
      <Filter>Header Files</Filter>
    </ClInclude>
    <ClInclude Include="P:\repos\SoftwareRenderer\include\shader.h">
      <Filter>Header Files</Filter>
    </ClInclude>
    <ClInclude Include="P:\repos\SoftwareRenderer\include\softwareRenderer.h">
      <Filter>Header Files</Filter>
    </ClInclude>
    <ClInclude Include="P:\repos\SoftwareRenderer\include\texture.h">
      <Filter>Header Files</Filter>
    </ClInclude>
    <ClInclude Include="P:\repos\SoftwareRenderer\include\vector3D.h">
      <Filter>Header Files</Filter>
    </ClInclude>
    <ClInclude Include="P:\repos\SoftwareRenderer\libs\stb_image.h">
      <Filter>Header Files</Filter>
    </ClInclude>
  </ItemGroup>
  <ItemGroup>
    <CustomBuild Include="P:\repos\SoftwareRenderer\CMakeLists.txt" />
  </ItemGroup>
  <ItemGroup>
    <Filter Include="Header Files">
      <UniqueIdentifier>{67DD62CA-A9A6-3B7A-850C-9956412D51AA}</UniqueIdentifier>
    </Filter>
    <Filter Include="Source Files">
      <UniqueIdentifier>{F1307E33-C374-393F-BE99-71EC65C443C3}</UniqueIdentifier>
    </Filter>
  </ItemGroup>
</Project>
